{
  "name": "example-ts",
  "version": "1.0.0",
  "lockfileVersion": 3,
  "requires": true,
  "packages": {
    "": {
      "name": "example-ts",
      "version": "1.0.0",
      "license": "MIT",
      "dependencies": {
        "@far-analytics/persistence": "^1.0.0"
      },
      "devDependencies": {
        "@types/node": "^20.19.39",
        "typescript": "^5.1.6"
      },
      "engines": {
        "node": ">=20.10.0"
      }
    },
    "node_modules/@far-analytics/persistence": {
      "version": "1.22.1",
      "resolved": "https://registry.npmjs.org/@far-analytics/persistence/-/persistence-1.22.1.tgz",
      "integrity": "sha512-EA/F/RTLR9rPT27keZrjytwvSxByzcEZctdsoZZ3g7QKYnr34UZPRfNdvji4+iFAp34SRCwDuJRYqhn1KWUtWA==",
      "license": "MIT",
      "engines": {
        "node": ">=20.10.0"
      }
    },
    "node_modules/@types/node": {
      "version": "20.19.43",
      "resolved": "https://registry.npmjs.org/@types/node/-/node-20.19.43.tgz",
      "integrity": "sha512-6oYBAi5ikg4Pl+kGsoYtawUMBT2zZMCvPNF7pVLnHZfd1zf38DRiWn/gT01RYCdUqkv7Fhr+C9ot4/tb+2sVvA==",
      "dev": true,
      "license": "MIT",
      "dependencies": {
        "undici-types": "~6.21.0"
      }
    },
    "node_modules/typescript": {
      "version": "5.9.3",
      "resolved": "https://registry.npmjs.org/typescript/-/typescript-5.9.3.tgz",
      "integrity": "sha512-jl1vZzPDinLr9eUt3J/t7V6FgNEw9QjvBPdysz9KfQDD41fQrC2Y4vKQdiaUpFT4bXlb1RHhLpp8wtm6M5TgSw==",
      "dev": true,
      "license": "Apache-2.0",
      "bin": {
        "tsc": "bin/tsc",
        "tsserver": "bin/tsserver"
      },
      "engines": {
        "node": ">=14.17"
      }
    },
    "node_modules/undici-types": {
      "version": "6.21.0",
      "resolved": "https://registry.npmjs.org/undici-types/-/undici-types-6.21.0.tgz",
      "integrity": "sha512-iwDZqg0QAGrg9Rav5H4n0M64c3mkR59cJ6wQp+7C4nI0gsmExaedaYLNO44eT4AtBBwjbTiGPMlt2Md0T9H9JQ==",
      "dev": true,
      "license": "MIT"
    }
  }
}
