{
  "name": "example-nodejs",
  "version": "1.0.0",
  "lockfileVersion": 3,
  "requires": true,
  "packages": {
    "": {
      "name": "example-nodejs",
      "version": "1.0.0",
      "license": "MIT",
      "dependencies": {
        "@far-analytics/persistence": "^1.0.0"
      },
      "engines": {
        "node": ">=20.10.0"
      }
    },
    "node_modules/@far-analytics/persistence": {
      "version": "1.22.1",
      "resolved": "https://registry.npmjs.org/@far-analytics/persistence/-/persistence-1.22.1.tgz",
      "integrity": "sha512-EA/F/RTLR9rPT27keZrjytwvSxByzcEZctdsoZZ3g7QKYnr34UZPRfNdvji4+iFAp34SRCwDuJRYqhn1KWUtWA==",
      "license": "MIT",
      "engines": {
        "node": ">=20.10.0"
      }
    }
  }
}
